
Microsoft Visual Studio Solution File, Format Version 12.00
# Visual Studio Version 17
VisualStudioVersion = 17.14.36511.14 d17.14
MinimumVisualStudioVersion = 10.0.40219.1
Project("{8BC9CEB8-8B4A-11D0-8D11-00A0C91BC942}") = "双向链表", "双向链表\双向链表.vcxproj", "{7F97D145-1BC6-483A-99C6-7DB8E327132F}"
EndProject
Global
	GlobalSection(SolutionConfigurationPlatforms) = preSolution
		Debug|x64 = Debug|x64
		Debug|x86 = Debug|x86
		Release|x64 = Release|x64
		Release|x86 = Release|x86
	EndGlobalSection
	GlobalSection(ProjectConfigurationPlatforms) = postSolution
		{7F97D145-1BC6-483A-99C6-7DB8E327132F}.Debug|x64.ActiveCfg = Debug|x64
		{7F97D145-1BC6-483A-99C6-7DB8E327132F}.Debug|x64.Build.0 = Debug|x64
		{7F97D145-1BC6-483A-99C6-7DB8E327132F}.Debug|x86.ActiveCfg = Debug|Win32
		{7F97D145-1BC6-483A-99C6-7DB8E327132F}.Debug|x86.Build.0 = Debug|Win32
		{7F97D145-1BC6-483A-99C6-7DB8E327132F}.Release|x64.ActiveCfg = Release|x64
		{7F97D145-1BC6-483A-99C6-7DB8E327132F}.Release|x64.Build.0 = Release|x64
		{7F97D145-1BC6-483A-99C6-7DB8E327132F}.Release|x86.ActiveCfg = Release|Win32
		{7F97D145-1BC6-483A-99C6-7DB8E327132F}.Release|x86.Build.0 = Release|Win32
	EndGlobalSection
	GlobalSection(SolutionProperties) = preSolution
		HideSolutionNode = FALSE
	EndGlobalSection
	GlobalSection(ExtensibilityGlobals) = postSolution
		SolutionGuid = {27782A0B-45C1-46FD-8F98-737CD6A7DC5E}
	EndGlobalSection
EndGlobal
