
Microsoft Visual Studio Solution File, Format Version 12.00
# Visual Studio Version 17
VisualStudioVersion = 17.14.36511.14 d17.14
MinimumVisualStudioVersion = 10.0.40219.1
Project("{8BC9CEB8-8B4A-11D0-8D11-00A0C91BC942}") = "Project2", "Project2\Project2.vcxproj", "{B783213B-386D-4C84-8BD1-9A2D2A7FD58D}"
EndProject
Global
	GlobalSection(SolutionConfigurationPlatforms) = preSolution
		Debug|x64 = Debug|x64
		Debug|x86 = Debug|x86
		Release|x64 = Release|x64
		Release|x86 = Release|x86
	EndGlobalSection
	GlobalSection(ProjectConfigurationPlatforms) = postSolution
		{B783213B-386D-4C84-8BD1-9A2D2A7FD58D}.Debug|x64.ActiveCfg = Debug|x64
		{B783213B-386D-4C84-8BD1-9A2D2A7FD58D}.Debug|x64.Build.0 = Debug|x64
		{B783213B-386D-4C84-8BD1-9A2D2A7FD58D}.Debug|x86.ActiveCfg = Debug|Win32
		{B783213B-386D-4C84-8BD1-9A2D2A7FD58D}.Debug|x86.Build.0 = Debug|Win32
		{B783213B-386D-4C84-8BD1-9A2D2A7FD58D}.Release|x64.ActiveCfg = Release|x64
		{B783213B-386D-4C84-8BD1-9A2D2A7FD58D}.Release|x64.Build.0 = Release|x64
		{B783213B-386D-4C84-8BD1-9A2D2A7FD58D}.Release|x86.ActiveCfg = Release|Win32
		{B783213B-386D-4C84-8BD1-9A2D2A7FD58D}.Release|x86.Build.0 = Release|Win32
	EndGlobalSection
	GlobalSection(SolutionProperties) = preSolution
		HideSolutionNode = FALSE
	EndGlobalSection
	GlobalSection(ExtensibilityGlobals) = postSolution
		SolutionGuid = {C7827BEE-02CB-4311-B6D6-77B822D7E9D0}
	EndGlobalSection
EndGlobal
